PODS:
  - Alamofire (5.0.4)
  - HTMLReader (2.1.5)
  - HTMLString (5.0.0)
  - SDWebImage (5.6.1):
    - SDWebImage/Core (= 5.6.1)
  - SDWebImage/Core (5.6.1)
  - SDWebImageSwiftUI (1.0.0):
    - SDWebImage (~> 5.3)
  - SwiftyJSON (4.3.0)

DEPENDENCIES:
  - Alamofire (~> 5.0)
  - HTMLReader
  - HTMLString (~> 5.0)
  - SDWebImageSwiftUI
  - SwiftyJSON (~> 4.0)

SPEC REPOS:
  trunk:
    - Alamofire
    - HTMLReader
    - HTMLString
    - SDWebImage
    - SDWebImageSwiftUI
    - SwiftyJSON

SPEC CHECKSUMS:
  Alamofire: 0fe5fd24b4298dc377a6550da7d5f1b30e286fcb
  HTMLReader: 8056b3418baad09718902a1b39361c63b14a894f
  HTMLString: 20374dc0195423d02569e87561f01153fca0c364
  SDWebImage: 7edb9c3ea661e77a66661f7f044de8c1b55d1120
  SDWebImageSwiftUI: 52dabce85cfc575e08ca4ce26bed1334159dbc2b
  SwiftyJSON: 6faa0040f8b59dead0ee07436cbf76b73c08fd08

PODFILE CHECKSUM: ee4c8154600b237c478eb638a8a336e44f327004

COCOAPODS: 1.9.1
